{
  "name": "izaki",
  "version": "1.0.0",
  "lockfileVersion": 3,
  "requires": true,
  "packages": {
    "": {
      "name": "izaki",
      "version": "1.0.0",
      "license": "ISC",
      "dependencies": {
        "izaki_tea": "^1.0.0"
      },
      "devDependencies": {}
    },
    "node_modules/izaki_tea": {
      "version": "1.0.0",
      "resolved": "https://registry.npmjs.org/izaki_tea/-/izaki_tea-1.0.0.tgz",
      "integrity": "sha512-tOwgbr687QW2943V4iw52FbkSep5aJuA8koGoS9mVe6U+pt+xwywyWuO6jFgv+4TnzT4R8RchiqbfMcdlsKtoA=="
    }
  }
}
